
Microsoft Visual Studio Solution File, Format Version 12.00
Project("{FAE04EC0-301F-11D3-BF4B-00C04F79EFBC}") = "MalawiMeta.Api", "MalawiMeta.Api\MalawiMeta.Api.csproj", "{8FBA5504-2774-4D8D-A6BC-E8BA39DF9A74}"
EndProject
Global
	GlobalSection(SolutionConfigurationPlatforms) = preSolution
		Debug|Any CPU = Debug|Any CPU
		Release|Any CPU = Release|Any CPU
	EndGlobalSection
	GlobalSection(ProjectConfigurationPlatforms) = postSolution
		{8FBA5504-2774-4D8D-A6BC-E8BA39DF9A74}.Debug|Any CPU.ActiveCfg = Debug|Any CPU
		{8FBA5504-2774-4D8D-A6BC-E8BA39DF9A74}.Debug|Any CPU.Build.0 = Debug|Any CPU
		{8FBA5504-2774-4D8D-A6BC-E8BA39DF9A74}.Release|Any CPU.ActiveCfg = Release|Any CPU
		{8FBA5504-2774-4D8D-A6BC-E8BA39DF9A74}.Release|Any CPU.Build.0 = Release|Any CPU
	EndGlobalSection
EndGlobal
